
Microsoft Visual Studio Solution File, Format Version 12.00
# Visual Studio 14
VisualStudioVersion = 14.0.25420.1
MinimumVisualStudioVersion = 10.0.40219.1
Project("{FAE04EC0-301F-11D3-BF4B-00C04F79EFBC}") = "import4D", "import4D\import4D.csproj", "{B8E231DE-8BB0-425B-AD7E-C9158E269A95}"
EndProject
Project("{888888A0-9F3D-457C-B088-3A5042F75D52}") = "ai", "ai\ai.pyproj", "{FB3FB5F0-33AB-4547-9643-EF5AFE5304A8}"
EndProject
Global
	GlobalSection(SolutionConfigurationPlatforms) = preSolution
		Debug|Any CPU = Debug|Any CPU
		Release|Any CPU = Release|Any CPU
	EndGlobalSection
	GlobalSection(ProjectConfigurationPlatforms) = postSolution
		{B8E231DE-8BB0-425B-AD7E-C9158E269A95}.Debug|Any CPU.ActiveCfg = Debug|Any CPU
		{B8E231DE-8BB0-425B-AD7E-C9158E269A95}.Debug|Any CPU.Build.0 = Debug|Any CPU
		{B8E231DE-8BB0-425B-AD7E-C9158E269A95}.Release|Any CPU.ActiveCfg = Release|Any CPU
		{B8E231DE-8BB0-425B-AD7E-C9158E269A95}.Release|Any CPU.Build.0 = Release|Any CPU
		{FB3FB5F0-33AB-4547-9643-EF5AFE5304A8}.Debug|Any CPU.ActiveCfg = Debug|Any CPU
		{FB3FB5F0-33AB-4547-9643-EF5AFE5304A8}.Release|Any CPU.ActiveCfg = Release|Any CPU
	EndGlobalSection
	GlobalSection(SolutionProperties) = preSolution
		HideSolutionNode = FALSE
	EndGlobalSection
EndGlobal
